// !$*UTF8*$!
{
	archiveVersion = 1;
	classes = {
	};
	objectVersion = 46;
	objects = {

/* Begin PBXBuildFile section */
		476B37B3196E7AAD00592772 /* Foundation.framework in Frameworks */ = {isa = PBXBuildFile; fileRef = 476B37B2196E7AAD00592772 /* Foundation.framework */; };
		476B37B5196E7AAD00592772 /* CoreGraphics.framework in Frameworks */ = {isa = PBXBuildFile; fileRef = 476B37B4196E7AAD00592772 /* CoreGraphics.framework */; };
		476B37B7196E7AAD00592772 /* UIKit.framework in Frameworks */ = {isa = PBXBuildFile; fileRef = 476B37B6196E7AAD00592772 /* UIKit.framework */; };
		476B37BD196E7AAD00592772 /* InfoPlist.strings in Resources */ = {isa = PBXBuildFile; fileRef = 476B37BB196E7AAD00592772 /* InfoPlist.strings */; };
		476B37BF196E7AAE00592772 /* main.m in Sources */ = {isa = PBXBuildFile; fileRef = 476B37BE196E7AAE00592772 /* main.m */; };
		476B37C3196E7AAE00592772 /* HumzaAppDelegate.m in Sources */ = {isa = PBXBuildFile; fileRef = 476B37C2196E7AAE00592772 /* HumzaAppDelegate.m */; };
		476B37C6196E7AAE00592772 /* Main.storyboard in Resources */ = {isa = PBXBuildFile; fileRef = 476B37C4196E7AAE00592772 /* Main.storyboard */; };
		476B37C9196E7AAE00592772 /* HumzaViewController.m in Sources */ = {isa = PBXBuildFile; fileRef = 476B37C8196E7AAE00592772 /* HumzaViewController.m */; };
		476B37CB196E7AAE00592772 /* Images.xcassets in Resources */ = {isa = PBXBuildFile; fileRef = 476B37CA196E7AAE00592772 /* Images.xcassets */; };
		476B37D2196E7AAE00592772 /* XCTest.framework in Frameworks */ = {isa = PBXBuildFile; fileRef = 476B37D1196E7AAE00592772 /* XCTest.framework */; };
		476B37D3196E7AAE00592772 /* Foundation.framework in Frameworks */ = {isa = PBXBuildFile; fileRef = 476B37B2196E7AAD00592772 /* Foundation.framework */; };
		476B37D4196E7AAE00592772 /* UIKit.framework in Frameworks */ = {isa = PBXBuildFile; fileRef = 476B37B6196E7AAD00592772 /* UIKit.framework */; };
		476B37DC196E7AAE00592772 /* InfoPlist.strings in Resources */ = {isa = PBXBuildFile; fileRef = 476B37DA196E7AAE00592772 /* InfoPlist.strings */; };
		476B37DE196E7AAE00592772 /* splashTestTests.m in Sources */ = {isa = PBXBuildFile; fileRef = 476B37DD196E7AAE00592772 /* splashTestTests.m */; };
		476B37E8196E7AC500592772 /* splash@2x.png in Resources */ = {isa = PBXBuildFile; fileRef = 476B37E7196E7AC500592772 /* splash@2x.png */; };
/* End PBXBuildFile section */

/* Begin PBXContainerItemProxy section */
		476B37D5196E7AAE00592772 /* PBXContainerItemProxy */ = {
			isa = PBXContainerItemProxy;
			containerPortal = 476B37A7196E7AAD00592772 /* Project object */;
			proxyType = 1;
			remoteGlobalIDString = 476B37AE196E7AAD00592772;
			remoteInfo = splashTest;
		};
/* End PBXContainerItemProxy section */

/* Begin PBXFileReference section */
		476B37AF196E7AAD00592772 /* splashTest.app */ = {isa = PBXFileReference; explicitFileType = wrapper.application; includeInIndex = 0; path = splashTest.app; sourceTree = BUILT_PRODUCTS_DIR; };
		476B37B2196E7AAD00592772 /* Foundation.framework */ = {isa = PBXFileReference; lastKnownFileType = wrapper.framework; name = Foundation.framework; path = System/Library/Frameworks/Foundation.framework; sourceTree = SDKROOT; };
		476B37B4196E7AAD00592772 /* CoreGraphics.framework */ = {isa = PBXFileReference; lastKnownFileType = wrapper.framework; name = CoreGraphics.framework; path = System/Library/Frameworks/CoreGraphics.framework; sourceTree = SDKROOT; };
		476B37B6196E7AAD00592772 /* UIKit.framework */ = {isa = PBXFileReference; lastKnownFileType = wrapper.framework; name = UIKit.framework; path = System/Library/Frameworks/UIKit.framework; sourceTree = SDKROOT; };
		476B37BA196E7AAD00592772 /* splashTest-Info.plist */ = {isa = PBXFileReference; lastKnownFileType = text.plist.xml; path = "splashTest-Info.plist"; sourceTree = "<group>"; };
		476B37BC196E7AAD00592772 /* en */ = {isa = PBXFileReference; lastKnownFileType = text.plist.strings; name = en; path = en.lproj/InfoPlist.strings; sourceTree = "<group>"; };
		476B37BE196E7AAE00592772 /* main.m */ = {isa = PBXFileReference; lastKnownFileType = sourcecode.c.objc; path = main.m; sourceTree = "<group>"; };
		476B37C0196E7AAE00592772 /* splashTest-Prefix.pch */ = {isa = PBXFileReference; lastKnownFileType = sourcecode.c.h; path = "splashTest-Prefix.pch"; sourceTree = "<group>"; };
		476B37C1196E7AAE00592772 /* HumzaAppDelegate.h */ = {isa = PBXFileReference; lastKnownFileType = sourcecode.c.h; path = HumzaAppDelegate.h; sourceTree = "<group>"; };
		476B37C2196E7AAE00592772 /* HumzaAppDelegate.m */ = {isa = PBXFileReference; lastKnownFileType = sourcecode.c.objc; path = HumzaAppDelegate.m; sourceTree = "<group>"; };
		476B37C5196E7AAE00592772 /* Base */ = {isa = PBXFileReference; lastKnownFileType = file.storyboard; name = Base; path = Base.lproj/Main.storyboard; sourceTree = "<group>"; };
		476B37C7196E7AAE00592772 /* HumzaViewController.h */ = {isa = PBXFileReference; lastKnownFileType = sourcecode.c.h; path = HumzaViewController.h; sourceTree = "<group>"; };
		476B37C8196E7AAE00592772 /* HumzaViewController.m */ = {isa = PBXFileReference; lastKnownFileType = sourcecode.c.objc; path = HumzaViewController.m; sourceTree = "<group>"; };
		476B37CA196E7AAE00592772 /* Images.xcassets */ = {isa = PBXFileReference; lastKnownFileType = folder.assetcatalog; path = Images.xcassets; sourceTree = "<group>"; };
		476B37D0196E7AAE00592772 /* splashTestTests.xctest */ = {isa = PBXFileReference; explicitFileType = wrapper.cfbundle; includeInIndex = 0; path = splashTestTests.xctest; sourceTree = BUILT_PRODUCTS_DIR; };
		476B37D1196E7AAE00592772 /* XCTest.framework */ = {isa = PBXFileReference; lastKnownFileType = wrapper.framework; name = XCTest.framework; path = Library/Frameworks/XCTest.framework; sourceTree = DEVELOPER_DIR; };
		476B37D9196E7AAE00592772 /* splashTestTests-Info.plist */ = {isa = PBXFileReference; lastKnownFileType = text.plist.xml; path = "splashTestTests-Info.plist"; sourceTree = "<group>"; };
		476B37DB196E7AAE00592772 /* en */ = {isa = PBXFileReference; lastKnownFileType = text.plist.strings; name = en; path = en.lproj/InfoPlist.strings; sourceTree = "<group>"; };
		476B37DD196E7AAE00592772 /* splashTestTests.m */ = {isa = PBXFileReference; lastKnownFileType = sourcecode.c.objc; path = splashTestTests.m; sourceTree = "<group>"; };
		476B37E7196E7AC500592772 /* splash@2x.png */ = {isa = PBXFileReference; lastKnownFileType = image.png; path = "splash@2x.png"; sourceTree = "<group>"; };
/* End PBXFileReference section */

/* Begin PBXFrameworksBuildPhase section */
		476B37AC196E7AAD00592772 /* Frameworks */ = {
			isa = PBXFrameworksBuildPhase;
			buildActionMask = 2147483647;
			files = (
				476B37B5196E7AAD00592772 /* CoreGraphics.framework in Frameworks */,
				476B37B7196E7AAD00592772 /* UIKit.framework in Frameworks */,
				476B37B3196E7AAD00592772 /* Foundation.framework in Frameworks */,
			);
			runOnlyForDeploymentPostprocessing = 0;
		};
		476B37CD196E7AAE00592772 /* Frameworks */ = {
			isa = PBXFrameworksBuildPhase;
			buildActionMask = 2147483647;
			files = (
				476B37D2196E7AAE00592772 /* XCTest.framework in Frameworks */,
				476B37D4196E7AAE00592772 /* UIKit.framework in Frameworks */,
				476B37D3196E7AAE00592772 /* Foundation.framework in Frameworks */,
			);
			runOnlyForDeploymentPostprocessing = 0;
		};
/* End PBXFrameworksBuildPhase section */

/* Begin PBXGroup section */
		476B37A6196E7AAD00592772 = {
			isa = PBXGroup;
			children = (
				476B37B8196E7AAD00592772 /* splashTest */,
				476B37D7196E7AAE00592772 /* splashTestTests */,
				476B37B1196E7AAD00592772 /* Frameworks */,
				476B37B0196E7AAD00592772 /* Products */,
			);
			sourceTree = "<group>";
		};
		476B37B0196E7AAD00592772 /* Products */ = {
			isa = PBXGroup;
			children = (
				476B37AF196E7AAD00592772 /* splashTest.app */,
				476B37D0196E7AAE00592772 /* splashTestTests.xctest */,
			);
			name = Products;
			sourceTree = "<group>";
		};
		476B37B1196E7AAD00592772 /* Frameworks */ = {
			isa = PBXGroup;
			children = (
				476B37B2196E7AAD00592772 /* Foundation.framework */,
				476B37B4196E7AAD00592772 /* CoreGraphics.framework */,
				476B37B6196E7AAD00592772 /* UIKit.framework */,
				476B37D1196E7AAE00592772 /* XCTest.framework */,
			);
			name = Frameworks;
			sourceTree = "<group>";
		};
		476B37B8196E7AAD00592772 /* splashTest */ = {
			isa = PBXGroup;
			children = (
				476B37C1196E7AAE00592772 /* HumzaAppDelegate.h */,
				476B37C2196E7AAE00592772 /* HumzaAppDelegate.m */,
				476B37C4196E7AAE00592772 /* Main.storyboard */,
				476B37C7196E7AAE00592772 /* HumzaViewController.h */,
				476B37C8196E7AAE00592772 /* HumzaViewController.m */,
				476B37CA196E7AAE00592772 /* Images.xcassets */,
				476B37B9196E7AAD00592772 /* Supporting Files */,
			);
			path = splashTest;
			sourceTree = "<group>";
		};
		476B37B9196E7AAD00592772 /* Supporting Files */ = {
			isa = PBXGroup;
			children = (
				476B37E7196E7AC500592772 /* splash@2x.png */,
				476B37BA196E7AAD00592772 /* splashTest-Info.plist */,
				476B37BB196E7AAD00592772 /* InfoPlist.strings */,
				476B37BE196E7AAE00592772 /* main.m */,
				476B37C0196E7AAE00592772 /* splashTest-Prefix.pch */,
			);
			name = "Supporting Files";
			sourceTree = "<group>";
		};
		476B37D7196E7AAE00592772 /* splashTestTests */ = {
			isa = PBXGroup;
			children = (
				476B37DD196E7AAE00592772 /* splashTestTests.m */,
				476B37D8196E7AAE00592772 /* Supporting Files */,
			);
			path = splashTestTests;
			sourceTree = "<group>";
		};
		476B37D8196E7AAE00592772 /* Supporting Files */ = {
			isa = PBXGroup;
			children = (
				476B37D9196E7AAE00592772 /* splashTestTests-Info.plist */,
				476B37DA196E7AAE00592772 /* InfoPlist.strings */,
			);
			name = "Supporting Files";
			sourceTree = "<group>";
		};
/* End PBXGroup section */

/* Begin PBXNativeTarget section */
		476B37AE196E7AAD00592772 /* splashTest */ = {
			isa = PBXNativeTarget;
			buildConfigurationList = 476B37E1196E7AAE00592772 /* Build configuration list for PBXNativeTarget "splashTest" */;
			buildPhases = (
				476B37AB196E7AAD00592772 /* Sources */,
				476B37AC196E7AAD00592772 /* Frameworks */,
				476B37AD196E7AAD00592772 /* Resources */,
			);
			buildRules = (
			);
			dependencies = (
			);
			name = splashTest;
			productName = splashTest;
			productReference = 476B37AF196E7AAD00592772 /* splashTest.app */;
			productType = "com.apple.product-type.application";
		};
		476B37CF196E7AAE00592772 /* splashTestTests */ = {
			isa = PBXNativeTarget;
			buildConfigurationList = 476B37E4196E7AAE00592772 /* Build configuration list for PBXNativeTarget "splashTestTests" */;
			buildPhases = (
				476B37CC196E7AAE00592772 /* Sources */,
				476B37CD196E7AAE00592772 /* Frameworks */,
				476B37CE196E7AAE00592772 /* Resources */,
			);
			buildRules = (
			);
			dependencies = (
				476B37D6196E7AAE00592772 /* PBXTargetDependency */,
			);
			name = splashTestTests;
			productName = splashTestTests;
			productReference = 476B37D0196E7AAE00592772 /* splashTestTests.xctest */;
			productType = "com.apple.product-type.bundle.unit-test";
		};
/* End PBXNativeTarget section */

/* Begin PBXProject section */
		476B37A7196E7AAD00592772 /* Project object */ = {
			isa = PBXProject;
			attributes = {
				CLASSPREFIX = Humza;
				LastUpgradeCheck = 0510;
				ORGANIZATIONNAME = "___FULLUSERNAME___";
				TargetAttributes = {
					476B37CF196E7AAE00592772 = {
						TestTargetID = 476B37AE196E7AAD00592772;
					};
				};
			};
			buildConfigurationList = 476B37AA196E7AAD00592772 /* Build configuration list for PBXProject "splashTest" */;
			compatibilityVersion = "Xcode 3.2";
			developmentRegion = English;
			hasScannedForEncodings = 0;
			knownRegions = (
				en,
				Base,
			);
			mainGroup = 476B37A6196E7AAD00592772;
			productRefGroup = 476B37B0196E7AAD00592772 /* Products */;
			projectDirPath = "";
			projectRoot = "";
			targets = (
				476B37AE196E7AAD00592772 /* splashTest */,
				476B37CF196E7AAE00592772 /* splashTestTests */,
			);
		};
/* End PBXProject section */

/* Begin PBXResourcesBuildPhase section */
		476B37AD196E7AAD00592772 /* Resources */ = {
			isa = PBXResourcesBuildPhase;
			buildActionMask = 2147483647;
			files = (
				476B37CB196E7AAE00592772 /* Images.xcassets in Resources */,
				476B37E8196E7AC500592772 /* splash@2x.png in Resources */,
				476B37BD196E7AAD00592772 /* InfoPlist.strings in Resources */,
				476B37C6196E7AAE00592772 /* Main.storyboard in Resources */,
			);
			runOnlyForDeploymentPostprocessing = 0;
		};
		476B37CE196E7AAE00592772 /* Resources */ = {
			isa = PBXResourcesBuildPhase;
			buildActionMask = 2147483647;
			files = (
				476B37DC196E7AAE00592772 /* InfoPlist.strings in Resources */,
			);
			runOnlyForDeploymentPostprocessing = 0;
		};
/* End PBXResourcesBuildPhase section */

/* Begin PBXSourcesBuildPhase section */
		476B37AB196E7AAD00592772 /* Sources */ = {
			isa = PBXSourcesBuildPhase;
			buildActionMask = 2147483647;
			files = (
				476B37C3196E7AAE00592772 /* HumzaAppDelegate.m in Sources */,
				476B37BF196E7AAE00592772 /* main.m in Sources */,
				476B37C9196E7AAE00592772 /* HumzaViewController.m in Sources */,
			);
			runOnlyForDeploymentPostprocessing = 0;
		};
		476B37CC196E7AAE00592772 /* Sources */ = {
			isa = PBXSourcesBuildPhase;
			buildActionMask = 2147483647;
			files = (
				476B37DE196E7AAE00592772 /* splashTestTests.m in Sources */,
			);
			runOnlyForDeploymentPostprocessing = 0;
		};
/* End PBXSourcesBuildPhase section */

/* Begin PBXTargetDependency section */
		476B37D6196E7AAE00592772 /* PBXTargetDependency */ = {
			isa = PBXTargetDependency;
			target = 476B37AE196E7AAD00592772 /* splashTest */;
			targetProxy = 476B37D5196E7AAE00592772 /* PBXContainerItemProxy */;
		};
/* End PBXTargetDependency section */

/* Begin PBXVariantGroup section */
		476B37BB196E7AAD00592772 /* InfoPlist.strings */ = {
			isa = PBXVariantGroup;
			children = (
				476B37BC196E7AAD00592772 /* en */,
			);
			name = InfoPlist.strings;
			sourceTree = "<group>";
		};
		476B37C4196E7AAE00592772 /* Main.storyboard */ = {
			isa = PBXVariantGroup;
			children = (
				476B37C5196E7AAE00592772 /* Base */,
			);
			name = Main.storyboard;
			sourceTree = "<group>";
		};
		476B37DA196E7AAE00592772 /* InfoPlist.strings */ = {
			isa = PBXVariantGroup;
			children = (
				476B37DB196E7AAE00592772 /* en */,
			);
			name = InfoPlist.strings;
			sourceTree = "<group>";
		};
/* End PBXVariantGroup section */

/* Begin XCBuildConfiguration section */
		476B37DF196E7AAE00592772 /* Debug */ = {
			isa = XCBuildConfiguration;
			buildSettings = {
				ALWAYS_SEARCH_USER_PATHS = NO;
				CLANG_CXX_LANGUAGE_STANDARD = "gnu++0x";
				CLANG_CXX_LIBRARY = "libc++";
				CLANG_ENABLE_MODULES = YES;
				CLANG_ENABLE_OBJC_ARC = YES;
				CLANG_WARN_BOOL_CONVERSION = YES;
				CLANG_WARN_CONSTANT_CONVERSION = YES;
				CLANG_WARN_DIRECT_OBJC_ISA_USAGE = YES_ERROR;
				CLANG_WARN_EMPTY_BODY = YES;
				CLANG_WARN_ENUM_CONVERSION = YES;
				CLANG_WARN_INT_CONVERSION = YES;
				CLANG_WARN_OBJC_ROOT_CLASS = YES_ERROR;
				CLANG_WARN__DUPLICATE_METHOD_MATCH = YES;
				"CODE_SIGN_IDENTITY[sdk=iphoneos*]" = "iPhone Developer";
				COPY_PHASE_STRIP = NO;
				GCC_C_LANGUAGE_STANDARD = gnu99;
				GCC_DYNAMIC_NO_PIC = NO;
				GCC_OPTIMIZATION_LEVEL = 0;
				GCC_PREPROCESSOR_DEFINITIONS = (
					"DEBUG=1",
					"$(inherited)",
				);
				GCC_SYMBOLS_PRIVATE_EXTERN = NO;
				GCC_WARN_64_TO_32_BIT_CONVERSION = YES;
				GCC_WARN_ABOUT_RETURN_TYPE = YES_ERROR;
				GCC_WARN_UNDECLARED_SELECTOR = YES;
				GCC_WARN_UNINITIALIZED_AUTOS = YES_AGGRESSIVE;
				GCC_WARN_UNUSED_FUNCTION = YES;
				GCC_WARN_UNUSED_VARIABLE = YES;
				IPHONEOS_DEPLOYMENT_TARGET = 7.1;
				ONLY_ACTIVE_ARCH = YES;
				SDKROOT = iphoneos;
			};
			name = Debug;
		};
		476B37E0196E7AAE00592772 /* Release */ = {
			isa = XCBuildConfiguration;
			buildSettings = {
				ALWAYS_SEARCH_USER_PATHS = NO;
				CLANG_CXX_LANGUAGE_STANDARD = "gnu++0x";
				CLANG_CXX_LIBRARY = "libc++";
				CLANG_ENABLE_MODULES = YES;
				CLANG_ENABLE_OBJC_ARC = YES;
				CLANG_WARN_BOOL_CONVERSION = YES;
				CLANG_WARN_CONSTANT_CONVERSION = YES;
				CLANG_WARN_DIRECT_OBJC_ISA_USAGE = YES_ERROR;
				CLANG_WARN_EMPTY_BODY = YES;
				CLANG_WARN_ENUM_CONVERSION = YES;
				CLANG_WARN_INT_CONVERSION = YES;
				CLANG_WARN_OBJC_ROOT_CLASS = YES_ERROR;
				CLANG_WARN__DUPLICATE_METHOD_MATCH = YES;
				"CODE_SIGN_IDENTITY[sdk=iphoneos*]" = "iPhone Developer";
				COPY_PHASE_STRIP = YES;
				ENABLE_NS_ASSERTIONS = NO;
				GCC_C_LANGUAGE_STANDARD = gnu99;
				GCC_WARN_64_TO_32_BIT_CONVERSION = YES;
				GCC_WARN_ABOUT_RETURN_TYPE = YES_ERROR;
				GCC_WARN_UNDECLARED_SELECTOR = YES;
				GCC_WARN_UNINITIALIZED_AUTOS = YES_AGGRESSIVE;
				GCC_WARN_UNUSED_FUNCTION = YES;
				GCC_WARN_UNUSED_VARIABLE = YES;
				IPHONEOS_DEPLOYMENT_TARGET = 7.1;
				SDKROOT = iphoneos;
				VALIDATE_PRODUCT = YES;
			};
			name = Release;
		};
		476B37E2196E7AAE00592772 /* Debug */ = {
			isa = XCBuildConfiguration;
			buildSettings = {
				ASSETCATALOG_COMPILER_APPICON_NAME = AppIcon;
				ASSETCATALOG_COMPILER_LAUNCHIMAGE_NAME = "LaunchImage-2";
				GCC_PRECOMPILE_PREFIX_HEADER = YES;
				GCC_PREFIX_HEADER = "splashTest/splashTest-Prefix.pch";
				INFOPLIST_FILE = "splashTest/splashTest-Info.plist";
				PRODUCT_NAME = "$(TARGET_NAME)";
				WRAPPER_EXTENSION = app;
			};
			name = Debug;
		};
		476B37E3196E7AAE00592772 /* Release */ = {
			isa = XCBuildConfiguration;
			buildSettings = {
				ASSETCATALOG_COMPILER_APPICON_NAME = AppIcon;
				ASSETCATALOG_COMPILER_LAUNCHIMAGE_NAME = "LaunchImage-2";
				GCC_PRECOMPILE_PREFIX_HEADER = YES;
				GCC_PREFIX_HEADER = "splashTest/splashTest-Prefix.pch";
				INFOPLIST_FILE = "splashTest/splashTest-Info.plist";
				PRODUCT_NAME = "$(TARGET_NAME)";
				WRAPPER_EXTENSION = app;
			};
			name = Release;
		};
		476B37E5196E7AAE00592772 /* Debug */ = {
			isa = XCBuildConfiguration;
			buildSettings = {
				BUNDLE_LOADER = "$(BUILT_PRODUCTS_DIR)/splashTest.app/splashTest";
				FRAMEWORK_SEARCH_PATHS = (
					"$(SDKROOT)/Developer/Library/Frameworks",
					"$(inherited)",
					"$(DEVELOPER_FRAMEWORKS_DIR)",
				);
				GCC_PRECOMPILE_PREFIX_HEADER = YES;
				GCC_PREFIX_HEADER = "splashTest/splashTest-Prefix.pch";
				GCC_PREPROCESSOR_DEFINITIONS = (
					"DEBUG=1",
					"$(inherited)",
				);
				INFOPLIST_FILE = "splashTestTests/splashTestTests-Info.plist";
				PRODUCT_NAME = "$(TARGET_NAME)";
				TEST_HOST = "$(BUNDLE_LOADER)";
				WRAPPER_EXTENSION = xctest;
			};
			name = Debug;
		};
		476B37E6196E7AAE00592772 /* Release */ = {
			isa = XCBuildConfiguration;
			buildSettings = {
				BUNDLE_LOADER = "$(BUILT_PRODUCTS_DIR)/splashTest.app/splashTest";
				FRAMEWORK_SEARCH_PATHS = (
					"$(SDKROOT)/Developer/Library/Frameworks",
					"$(inherited)",
					"$(DEVELOPER_FRAMEWORKS_DIR)",
				);
				GCC_PRECOMPILE_PREFIX_HEADER = YES;
				GCC_PREFIX_HEADER = "splashTest/splashTest-Prefix.pch";
				INFOPLIST_FILE = "splashTestTests/splashTestTests-Info.plist";
				PRODUCT_NAME = "$(TARGET_NAME)";
				TEST_HOST = "$(BUNDLE_LOADER)";
				WRAPPER_EXTENSION = xctest;
			};
			name = Release;
		};
/* End XCBuildConfiguration section */

/* Begin XCConfigurationList section */
		476B37AA196E7AAD00592772 /* Build configuration list for PBXProject "splashTest" */ = {
			isa = XCConfigurationList;
			buildConfigurations = (
				476B37DF196E7AAE00592772 /* Debug */,
				476B37E0196E7AAE00592772 /* Release */,
			);
			defaultConfigurationIsVisible = 0;
			defaultConfigurationName = Release;
		};
		476B37E1196E7AAE00592772 /* Build configuration list for PBXNativeTarget "splashTest" */ = {
			isa = XCConfigurationList;
			buildConfigurations = (
				476B37E2196E7AAE00592772 /* Debug */,
				476B37E3196E7AAE00592772 /* Release */,
			);
			defaultConfigurationIsVisible = 0;
		};
		476B37E4196E7AAE00592772 /* Build configuration list for PBXNativeTarget "splashTestTests" */ = {
			isa = XCConfigurationList;
			buildConfigurations = (
				476B37E5196E7AAE00592772 /* Debug */,
				476B37E6196E7AAE00592772 /* Release */,
			);
			defaultConfigurationIsVisible = 0;
		};
/* End XCConfigurationList section */
	};
	rootObject = 476B37A7196E7AAD00592772 /* Project object */;
}
